
Microsoft Visual Studio Solution File, Format Version 12.00
# Visual Studio 15
Project("{FAE04EC0-301F-11D3-BF4B-00C04F79EFBC}") = "Assembly-CSharp", "Assembly-CSharp.csproj", "{3ABC16F7-AA13-CC14-6CAE-2599FCB2CDD5}"
EndProject
Project("{FAE04EC0-301F-11D3-BF4B-00C04F79EFBC}") = "Meryel.CodeAssist.Editor", "Meryel.CodeAssist.Editor.csproj", "{EB6DEC6D-C78E-D8D2-F6DE-49BF0AE43F15}"
EndProject
Global
	GlobalSection(SolutionConfigurationPlatforms) = preSolution
		Debug|Any CPU = Debug|Any CPU
		Release|Any CPU = Release|Any CPU
	EndGlobalSection
	GlobalSection(ProjectConfigurationPlatforms) = postSolution
		{3ABC16F7-AA13-CC14-6CAE-2599FCB2CDD5}.Debug|Any CPU.ActiveCfg = Debug|Any CPU
		{3ABC16F7-AA13-CC14-6CAE-2599FCB2CDD5}.Debug|Any CPU.Build.0 = Debug|Any CPU
		{3ABC16F7-AA13-CC14-6CAE-2599FCB2CDD5}.Release|Any CPU.ActiveCfg = Release|Any CPU
		{3ABC16F7-AA13-CC14-6CAE-2599FCB2CDD5}.Release|Any CPU.Build.0 = Release|Any CPU
		{EB6DEC6D-C78E-D8D2-F6DE-49BF0AE43F15}.Debug|Any CPU.ActiveCfg = Debug|Any CPU
		{EB6DEC6D-C78E-D8D2-F6DE-49BF0AE43F15}.Debug|Any CPU.Build.0 = Debug|Any CPU
		{EB6DEC6D-C78E-D8D2-F6DE-49BF0AE43F15}.Release|Any CPU.ActiveCfg = Release|Any CPU
		{EB6DEC6D-C78E-D8D2-F6DE-49BF0AE43F15}.Release|Any CPU.Build.0 = Release|Any CPU
	EndGlobalSection
	GlobalSection(SolutionProperties) = preSolution
		HideSolutionNode = FALSE
	EndGlobalSection
EndGlobal
